
Microsoft Visual Studio Solution File, Format Version 12.00
# Visual Studio Version 17
VisualStudioVersion = 17.14.36414.22 d17.14
MinimumVisualStudioVersion = 10.0.40219.1
Project("{FAE04EC0-301F-11D3-BF4B-00C04F79EFBC}") = "7", "7\7.csproj", "{5F9605C1-756F-4D48-9CF7-7C791E6C7E21}"
EndProject
Global
	GlobalSection(SolutionConfigurationPlatforms) = preSolution
		Debug|Any CPU = Debug|Any CPU
		Release|Any CPU = Release|Any CPU
	EndGlobalSection
	GlobalSection(ProjectConfigurationPlatforms) = postSolution
		{5F9605C1-756F-4D48-9CF7-7C791E6C7E21}.Debug|Any CPU.ActiveCfg = Debug|Any CPU
		{5F9605C1-756F-4D48-9CF7-7C791E6C7E21}.Debug|Any CPU.Build.0 = Debug|Any CPU
		{5F9605C1-756F-4D48-9CF7-7C791E6C7E21}.Release|Any CPU.ActiveCfg = Release|Any CPU
		{5F9605C1-756F-4D48-9CF7-7C791E6C7E21}.Release|Any CPU.Build.0 = Release|Any CPU
	EndGlobalSection
	GlobalSection(SolutionProperties) = preSolution
		HideSolutionNode = FALSE
	EndGlobalSection
	GlobalSection(ExtensibilityGlobals) = postSolution
		SolutionGuid = {55CC9C61-9D7D-437C-9BC7-277E33410BE8}
	EndGlobalSection
EndGlobal
