
Microsoft Visual Studio Solution File, Format Version 12.00
# Visual Studio Version 17
VisualStudioVersion = 17.14.36414.22 d17.14
MinimumVisualStudioVersion = 10.0.40219.1
Project("{FAE04EC0-301F-11D3-BF4B-00C04F79EFBC}") = "2", "2\2.csproj", "{DE5A952D-5764-4D0D-A635-48EC671ADF66}"
EndProject
Global
	GlobalSection(SolutionConfigurationPlatforms) = preSolution
		Debug|Any CPU = Debug|Any CPU
		Release|Any CPU = Release|Any CPU
	EndGlobalSection
	GlobalSection(ProjectConfigurationPlatforms) = postSolution
		{DE5A952D-5764-4D0D-A635-48EC671ADF66}.Debug|Any CPU.ActiveCfg = Debug|Any CPU
		{DE5A952D-5764-4D0D-A635-48EC671ADF66}.Debug|Any CPU.Build.0 = Debug|Any CPU
		{DE5A952D-5764-4D0D-A635-48EC671ADF66}.Release|Any CPU.ActiveCfg = Release|Any CPU
		{DE5A952D-5764-4D0D-A635-48EC671ADF66}.Release|Any CPU.Build.0 = Release|Any CPU
	EndGlobalSection
	GlobalSection(SolutionProperties) = preSolution
		HideSolutionNode = FALSE
	EndGlobalSection
	GlobalSection(ExtensibilityGlobals) = postSolution
		SolutionGuid = {BE8C5E30-A8AC-470A-B8F2-C413CD71DD0A}
	EndGlobalSection
EndGlobal
